
Microsoft Visual Studio Solution File, Format Version 12.00
# Visual Studio 14
VisualStudioVersion = 14.0.23107.0
MinimumVisualStudioVersion = 10.0.40219.1
Project("{FAE04EC0-301F-11D3-BF4B-00C04F79EFBC}") = "CimTools", "CimTools\CimTools.csproj", "{6A388B44-88A7-4E9E-8C2D-F51E173DB061}"
EndProject
Project("{FAE04EC0-301F-11D3-BF4B-00C04F79EFBC}") = "CimToolsTests", "CimToolsTests\CimToolsTests.csproj", "{2064462E-E1A4-48AD-8931-C9990A0B34E0}"
EndProject
Project("{FAE04EC0-301F-11D3-BF4B-00C04F79EFBC}") = "CimToolsMod", "CimToolsMod\CimToolsMod.csproj", "{703335C4-1DD7-45B4-BD0F-2887B0D5EA7D}"
EndProject
Project("{FAE04EC0-301F-11D3-BF4B-00C04F79EFBC}") = "TranslationHelper", "TranslationHelper\TranslationHelper.csproj", "{F2AC9D36-FBBF-4086-BB63-9929A7D1143D}"
EndProject
Global
	GlobalSection(SolutionConfigurationPlatforms) = preSolution
		Debug|Any CPU = Debug|Any CPU
		Release|Any CPU = Release|Any CPU
		Rush Hour|Any CPU = Rush Hour|Any CPU
	EndGlobalSection
	GlobalSection(ProjectConfigurationPlatforms) = postSolution
		{6A388B44-88A7-4E9E-8C2D-F51E173DB061}.Debug|Any CPU.ActiveCfg = Debug|Any CPU
		{6A388B44-88A7-4E9E-8C2D-F51E173DB061}.Debug|Any CPU.Build.0 = Debug|Any CPU
		{6A388B44-88A7-4E9E-8C2D-F51E173DB061}.Release|Any CPU.ActiveCfg = Release|Any CPU
		{6A388B44-88A7-4E9E-8C2D-F51E173DB061}.Release|Any CPU.Build.0 = Release|Any CPU
		{6A388B44-88A7-4E9E-8C2D-F51E173DB061}.Rush Hour|Any CPU.ActiveCfg = Rush Hour|Any CPU
		{6A388B44-88A7-4E9E-8C2D-F51E173DB061}.Rush Hour|Any CPU.Build.0 = Rush Hour|Any CPU
		{2064462E-E1A4-48AD-8931-C9990A0B34E0}.Debug|Any CPU.ActiveCfg = Debug|Any CPU
		{2064462E-E1A4-48AD-8931-C9990A0B34E0}.Debug|Any CPU.Build.0 = Debug|Any CPU
		{2064462E-E1A4-48AD-8931-C9990A0B34E0}.Release|Any CPU.ActiveCfg = Release|Any CPU
		{2064462E-E1A4-48AD-8931-C9990A0B34E0}.Release|Any CPU.Build.0 = Release|Any CPU
		{2064462E-E1A4-48AD-8931-C9990A0B34E0}.Rush Hour|Any CPU.ActiveCfg = Rush Hour|Any CPU
		{703335C4-1DD7-45B4-BD0F-2887B0D5EA7D}.Debug|Any CPU.ActiveCfg = Debug|Any CPU
		{703335C4-1DD7-45B4-BD0F-2887B0D5EA7D}.Debug|Any CPU.Build.0 = Debug|Any CPU
		{703335C4-1DD7-45B4-BD0F-2887B0D5EA7D}.Release|Any CPU.ActiveCfg = Release|Any CPU
		{703335C4-1DD7-45B4-BD0F-2887B0D5EA7D}.Release|Any CPU.Build.0 = Release|Any CPU
		{703335C4-1DD7-45B4-BD0F-2887B0D5EA7D}.Rush Hour|Any CPU.ActiveCfg = Release|Any CPU
		{F2AC9D36-FBBF-4086-BB63-9929A7D1143D}.Debug|Any CPU.ActiveCfg = Debug|Any CPU
		{F2AC9D36-FBBF-4086-BB63-9929A7D1143D}.Debug|Any CPU.Build.0 = Debug|Any CPU
		{F2AC9D36-FBBF-4086-BB63-9929A7D1143D}.Release|Any CPU.ActiveCfg = Release|Any CPU
		{F2AC9D36-FBBF-4086-BB63-9929A7D1143D}.Release|Any CPU.Build.0 = Release|Any CPU
		{F2AC9D36-FBBF-4086-BB63-9929A7D1143D}.Rush Hour|Any CPU.ActiveCfg = Release|Any CPU
		{F2AC9D36-FBBF-4086-BB63-9929A7D1143D}.Rush Hour|Any CPU.Build.0 = Release|Any CPU
	EndGlobalSection
	GlobalSection(SolutionProperties) = preSolution
		HideSolutionNode = FALSE
	EndGlobalSection
EndGlobal
